{
  "version": 4,
  "terraform_version": "1.7.5",
  "serial": 5,
  "lineage": "2331f072-4f43-f21f-6618-e7d3881e851f",
  "outputs": {
    "app_url": {
      "value": "http://meteoritesibrahim.westeurope.azurecontainer.io:5000",
      "type": "string"
    }
  },
  "resources": [
    {
      "mode": "managed",
      "type": "azurerm_container_group",
      "name": "app",
      "provider": "provider[\"registry.terraform.io/hashicorp/azurerm\"]",
      "instances": [
        {
          "schema_version": 0,
          "attributes": {
            "container": [
              {
                "commands": [],
                "cpu": 0.5,
                "cpu_limit": 0,
                "environment_variables": null,
                "gpu": [],
                "gpu_limit": [],
                "image": "meteoritesibrahim.azurecr.io/meteorites-app:latest",
                "liveness_probe": [],
                "memory": 1,
                "memory_limit": 0,
                "name": "meteorites-app",
                "ports": [
                  {
                    "port": 5000,
                    "protocol": "TCP"
                  }
                ],
                "readiness_probe": [],
                "secure_environment_variables": null,
                "security": [],
                "volume": []
              }
            ],
            "diagnostics": [],
            "dns_config": [],
            "dns_name_label": "meteoritesibrahim",
            "dns_name_label_reuse_policy": "Unsecure",
            "exposed_port": [
              {
                "port": 5000,
                "protocol": "TCP"
              }
            ],
            "fqdn": "meteoritesibrahim.westeurope.azurecontainer.io",
            "id": "/subscriptions/a43060da-7c3f-4f1d-8f41-5bdc621cb3c7/resourceGroups/meteorites-rg/providers/Microsoft.ContainerInstance/containerGroups/meteorites-app",
            "identity": [],
            "image_registry_credential": [
              {
                "password": "27SoT57hMFQWDlYdcYWhMsV6GGkbpBOAlatANhQ2vizytTIurKlVJQQJ99CIAC5RqLJEqg7NAAACAZCRMht4",
                "server": "meteoritesibrahim.azurecr.io",
                "user_assigned_identity_id": "",
                "username": "meteoritesibrahim"
              }
            ],
            "init_container": [],
            "ip_address": "108.141.109.228",
            "ip_address_type": "Public",
            "key_vault_key_id": null,
            "key_vault_user_assigned_identity_id": null,
            "location": "westeurope",
            "name": "meteorites-app",
            "network_profile_id": null,
            "os_type": "Linux",
            "priority": "",
            "resource_group_name": "meteorites-rg",
            "restart_policy": "Always",
            "sku": "Standard",
            "subnet_ids": null,
            "tags": null,
            "timeouts": null,
            "zones": null
          },
          "sensitive_attributes": [
            [
              {
                "type": "get_attr",
                "value": "image_registry_credential"
              },
              {
                "type": "index",
                "value": {
                  "value": 0,
                  "type": "number"
                }
              },
              {
                "type": "get_attr",
                "value": "password"
              }
            ]
          ],
          "private": "eyJlMmJmYjczMC1lY2FhLTExZTYtOGY4OC0zNDM2M2JjN2M0YzAiOnsiY3JlYXRlIjozNjAwMDAwMDAwMDAwLCJkZWxldGUiOjE4MDAwMDAwMDAwMDAsInJlYWQiOjMwMDAwMDAwMDAwMCwidXBkYXRlIjoxODAwMDAwMDAwMDAwfX0=",
          "dependencies": [
            "azurerm_container_registry.acr",
            "azurerm_resource_group.rg"
          ]
        }
      ]
    },
    {
      "mode": "managed",
      "type": "azurerm_container_registry",
      "name": "acr",
      "provider": "provider[\"registry.terraform.io/hashicorp/azurerm\"]",
      "instances": [
        {
          "schema_version": 2,
          "attributes": {
            "admin_enabled": true,
            "admin_password": "27SoT57hMFQWDlYdcYWhMsV6GGkbpBOAlatANhQ2vizytTIurKlVJQQJ99CIAC5RqLJEqg7NAAACAZCRMht4",
            "admin_username": "meteoritesibrahim",
            "anonymous_pull_enabled": false,
            "data_endpoint_enabled": false,
            "encryption": [
              {
                "enabled": false,
                "identity_client_id": "",
                "key_vault_key_id": ""
              }
            ],
            "export_policy_enabled": true,
            "georeplications": [],
            "id": "/subscriptions/a43060da-7c3f-4f1d-8f41-5bdc621cb3c7/resourceGroups/meteorites-rg/providers/Microsoft.ContainerRegistry/registries/meteoritesibrahim",
            "identity": [],
            "location": "westeurope",
            "login_server": "meteoritesibrahim.azurecr.io",
            "name": "meteoritesibrahim",
            "network_rule_bypass_option": "AzureServices",
            "network_rule_set": [],
            "public_network_access_enabled": true,
            "quarantine_policy_enabled": false,
            "resource_group_name": "meteorites-rg",
            "retention_policy": [
              {
                "days": 7,
                "enabled": false
              }
            ],
            "sku": "Basic",
            "tags": {},
            "timeouts": null,
            "trust_policy": [
              {
                "enabled": false
              }
            ],
            "zone_redundancy_enabled": false
          },
          "sensitive_attributes": [],
          "private": "eyJlMmJmYjczMC1lY2FhLTExZTYtOGY4OC0zNDM2M2JjN2M0YzAiOnsiY3JlYXRlIjoxODAwMDAwMDAwMDAwLCJkZWxldGUiOjE4MDAwMDAwMDAwMDAsInJlYWQiOjMwMDAwMDAwMDAwMCwidXBkYXRlIjoxODAwMDAwMDAwMDAwfSwic2NoZW1hX3ZlcnNpb24iOiIyIn0=",
          "dependencies": [
            "azurerm_resource_group.rg"
          ]
        }
      ]
    },
    {
      "mode": "managed",
      "type": "azurerm_resource_group",
      "name": "rg",
      "provider": "provider[\"registry.terraform.io/hashicorp/azurerm\"]",
      "instances": [
        {
          "schema_version": 0,
          "attributes": {
            "id": "/subscriptions/a43060da-7c3f-4f1d-8f41-5bdc621cb3c7/resourceGroups/meteorites-rg",
            "location": "westeurope",
            "managed_by": "",
            "name": "meteorites-rg",
            "tags": {},
            "timeouts": null
          },
          "sensitive_attributes": [],
          "private": "eyJlMmJmYjczMC1lY2FhLTExZTYtOGY4OC0zNDM2M2JjN2M0YzAiOnsiY3JlYXRlIjo1NDAwMDAwMDAwMDAwLCJkZWxldGUiOjU0MDAwMDAwMDAwMDAsInJlYWQiOjMwMDAwMDAwMDAwMCwidXBkYXRlIjo1NDAwMDAwMDAwMDAwfX0="
        }
      ]
    }
  ],
  "check_results": null
}
